
Microsoft Visual Studio Solution File, Format Version 12.00
# Visual Studio Version 17
VisualStudioVersion = 17.11.35208.52
MinimumVisualStudioVersion = 10.0.40219.1
Project("{FAE04EC0-301F-11D3-BF4B-00C04F79EFBC}") = "Assignment test", "Assignment test.csproj", "{F7B5668B-0B05-489A-9088-E3C40BD4D1F7}"
EndProject
Global
	GlobalSection(SolutionConfigurationPlatforms) = preSolution
		Debug|Any CPU = Debug|Any CPU
		Release|Any CPU = Release|Any CPU
	EndGlobalSection
	GlobalSection(ProjectConfigurationPlatforms) = postSolution
		{F7B5668B-0B05-489A-9088-E3C40BD4D1F7}.Debug|Any CPU.ActiveCfg = Debug|Any CPU
		{F7B5668B-0B05-489A-9088-E3C40BD4D1F7}.Debug|Any CPU.Build.0 = Debug|Any CPU
		{F7B5668B-0B05-489A-9088-E3C40BD4D1F7}.Release|Any CPU.ActiveCfg = Release|Any CPU
		{F7B5668B-0B05-489A-9088-E3C40BD4D1F7}.Release|Any CPU.Build.0 = Release|Any CPU
	EndGlobalSection
	GlobalSection(SolutionProperties) = preSolution
		HideSolutionNode = FALSE
	EndGlobalSection
	GlobalSection(ExtensibilityGlobals) = postSolution
		SolutionGuid = {FC45F3D2-2F80-478A-BC33-136E81723411}
	EndGlobalSection
EndGlobal
